
Microsoft Visual Studio Solution File, Format Version 12.00
# Visual Studio Version 17
VisualStudioVersion = 17.6.33829.357
MinimumVisualStudioVersion = 10.0.40219.1
Project("{9A19103F-16F7-4668-BE54-9A1E7A4F7556}") = "BinaryTree", "ULearn\BinaryTree.csproj", "{A73E0FD6-74D2-4D17-8F4A-E1A81309557F}"
EndProject
Project("{2150E333-8FDC-42A3-9474-1A3956D46DE8}") = "Generics", "Generics", "{475C4269-03E7-4A00-84EF-D61DC86CBFD3}"
EndProject
Project("{9A19103F-16F7-4668-BE54-9A1E7A4F7556}") = "Table", "Table\Table.csproj", "{AE307E70-2320-40A8-A474-B89E2427A7D1}"
EndProject
Project("{9A19103F-16F7-4668-BE54-9A1E7A4F7556}") = "Robots", "Robots\Robots.csproj", "{CD77571B-4388-45CE-8E85-07C3308398BE}"
EndProject
Project("{9A19103F-16F7-4668-BE54-9A1E7A4F7556}") = "ReportGenerator", "ReportGenerator\ReportGenerator.csproj", "{75EB73F8-9F0C-4FDF-91C6-75189EE4D2E5}"
EndProject
Project("{2150E333-8FDC-42A3-9474-1A3956D46DE8}") = "Delegates", "Delegates", "{98805A13-8EE9-4497-982C-6B02F0A2CACD}"
EndProject
Project("{9A19103F-16F7-4668-BE54-9A1E7A4F7556}") = "PairsAnalysis", "PairsAnalysis\PairsAnalysis.csproj", "{609F2EF8-25B9-4B57-919C-D70659EF5EDF}"
EndProject
Project("{2150E333-8FDC-42A3-9474-1A3956D46DE8}") = "Reflection", "Reflection", "{2BC8E2F3-F00D-43A9-B8F8-1D921F091AED}"
EndProject
Project("{9A19103F-16F7-4668-BE54-9A1E7A4F7556}") = "Documentation", "Reflection\Documentation.csproj", "{CF2040C3-F3F7-4E4F-850B-176CCD91D9DC}"
EndProject
Global
	GlobalSection(SolutionConfigurationPlatforms) = preSolution
		Debug|Any CPU = Debug|Any CPU
		Release|Any CPU = Release|Any CPU
	EndGlobalSection
	GlobalSection(ProjectConfigurationPlatforms) = postSolution
		{A73E0FD6-74D2-4D17-8F4A-E1A81309557F}.Debug|Any CPU.ActiveCfg = Debug|Any CPU
		{A73E0FD6-74D2-4D17-8F4A-E1A81309557F}.Debug|Any CPU.Build.0 = Debug|Any CPU
		{A73E0FD6-74D2-4D17-8F4A-E1A81309557F}.Release|Any CPU.ActiveCfg = Release|Any CPU
		{A73E0FD6-74D2-4D17-8F4A-E1A81309557F}.Release|Any CPU.Build.0 = Release|Any CPU
		{AE307E70-2320-40A8-A474-B89E2427A7D1}.Debug|Any CPU.ActiveCfg = Debug|Any CPU
		{AE307E70-2320-40A8-A474-B89E2427A7D1}.Debug|Any CPU.Build.0 = Debug|Any CPU
		{AE307E70-2320-40A8-A474-B89E2427A7D1}.Release|Any CPU.ActiveCfg = Release|Any CPU
		{AE307E70-2320-40A8-A474-B89E2427A7D1}.Release|Any CPU.Build.0 = Release|Any CPU
		{CD77571B-4388-45CE-8E85-07C3308398BE}.Debug|Any CPU.ActiveCfg = Debug|Any CPU
		{CD77571B-4388-45CE-8E85-07C3308398BE}.Debug|Any CPU.Build.0 = Debug|Any CPU
		{CD77571B-4388-45CE-8E85-07C3308398BE}.Release|Any CPU.ActiveCfg = Release|Any CPU
		{CD77571B-4388-45CE-8E85-07C3308398BE}.Release|Any CPU.Build.0 = Release|Any CPU
		{75EB73F8-9F0C-4FDF-91C6-75189EE4D2E5}.Debug|Any CPU.ActiveCfg = Debug|Any CPU
		{75EB73F8-9F0C-4FDF-91C6-75189EE4D2E5}.Debug|Any CPU.Build.0 = Debug|Any CPU
		{75EB73F8-9F0C-4FDF-91C6-75189EE4D2E5}.Release|Any CPU.ActiveCfg = Release|Any CPU
		{75EB73F8-9F0C-4FDF-91C6-75189EE4D2E5}.Release|Any CPU.Build.0 = Release|Any CPU
		{609F2EF8-25B9-4B57-919C-D70659EF5EDF}.Debug|Any CPU.ActiveCfg = Debug|Any CPU
		{609F2EF8-25B9-4B57-919C-D70659EF5EDF}.Debug|Any CPU.Build.0 = Debug|Any CPU
		{609F2EF8-25B9-4B57-919C-D70659EF5EDF}.Release|Any CPU.ActiveCfg = Release|Any CPU
		{609F2EF8-25B9-4B57-919C-D70659EF5EDF}.Release|Any CPU.Build.0 = Release|Any CPU
		{CF2040C3-F3F7-4E4F-850B-176CCD91D9DC}.Debug|Any CPU.ActiveCfg = Debug|Any CPU
		{CF2040C3-F3F7-4E4F-850B-176CCD91D9DC}.Debug|Any CPU.Build.0 = Debug|Any CPU
		{CF2040C3-F3F7-4E4F-850B-176CCD91D9DC}.Release|Any CPU.ActiveCfg = Release|Any CPU
		{CF2040C3-F3F7-4E4F-850B-176CCD91D9DC}.Release|Any CPU.Build.0 = Release|Any CPU
	EndGlobalSection
	GlobalSection(SolutionProperties) = preSolution
		HideSolutionNode = FALSE
	EndGlobalSection
	GlobalSection(NestedProjects) = preSolution
		{A73E0FD6-74D2-4D17-8F4A-E1A81309557F} = {475C4269-03E7-4A00-84EF-D61DC86CBFD3}
		{AE307E70-2320-40A8-A474-B89E2427A7D1} = {475C4269-03E7-4A00-84EF-D61DC86CBFD3}
		{CD77571B-4388-45CE-8E85-07C3308398BE} = {475C4269-03E7-4A00-84EF-D61DC86CBFD3}
		{75EB73F8-9F0C-4FDF-91C6-75189EE4D2E5} = {98805A13-8EE9-4497-982C-6B02F0A2CACD}
		{609F2EF8-25B9-4B57-919C-D70659EF5EDF} = {98805A13-8EE9-4497-982C-6B02F0A2CACD}
		{CF2040C3-F3F7-4E4F-850B-176CCD91D9DC} = {2BC8E2F3-F00D-43A9-B8F8-1D921F091AED}
	EndGlobalSection
	GlobalSection(ExtensibilityGlobals) = postSolution
		SolutionGuid = {354671DF-D2AD-4D40-B6DB-036B3159A2AA}
	EndGlobalSection
EndGlobal
