
Microsoft Visual Studio Solution File, Format Version 12.00
# Visual Studio Version 17
VisualStudioVersion = 17.6.33829.357
MinimumVisualStudioVersion = 10.0.40219.1
Project("{9A19103F-16F7-4668-BE54-9A1E7A4F7556}") = "BinaryTree", "ULearn\BinaryTree.csproj", "{A73E0FD6-74D2-4D17-8F4A-E1A81309557F}"
EndProject
Project("{2150E333-8FDC-42A3-9474-1A3956D46DE8}") = "Generics", "Generics", "{475C4269-03E7-4A00-84EF-D61DC86CBFD3}"
EndProject
Project("{FAE04EC0-301F-11D3-BF4B-00C04F79EFBC}") = "Table", "Table\Table.csproj", "{AE307E70-2320-40A8-A474-B89E2427A7D1}"
EndProject
Global
	GlobalSection(SolutionConfigurationPlatforms) = preSolution
		Debug|Any CPU = Debug|Any CPU
		Release|Any CPU = Release|Any CPU
	EndGlobalSection
	GlobalSection(ProjectConfigurationPlatforms) = postSolution
		{A73E0FD6-74D2-4D17-8F4A-E1A81309557F}.Debug|Any CPU.ActiveCfg = Debug|Any CPU
		{A73E0FD6-74D2-4D17-8F4A-E1A81309557F}.Debug|Any CPU.Build.0 = Debug|Any CPU
		{A73E0FD6-74D2-4D17-8F4A-E1A81309557F}.Release|Any CPU.ActiveCfg = Release|Any CPU
		{A73E0FD6-74D2-4D17-8F4A-E1A81309557F}.Release|Any CPU.Build.0 = Release|Any CPU
		{AE307E70-2320-40A8-A474-B89E2427A7D1}.Debug|Any CPU.ActiveCfg = Debug|Any CPU
		{AE307E70-2320-40A8-A474-B89E2427A7D1}.Debug|Any CPU.Build.0 = Debug|Any CPU
		{AE307E70-2320-40A8-A474-B89E2427A7D1}.Release|Any CPU.ActiveCfg = Release|Any CPU
		{AE307E70-2320-40A8-A474-B89E2427A7D1}.Release|Any CPU.Build.0 = Release|Any CPU
	EndGlobalSection
	GlobalSection(SolutionProperties) = preSolution
		HideSolutionNode = FALSE
	EndGlobalSection
	GlobalSection(NestedProjects) = preSolution
		{A73E0FD6-74D2-4D17-8F4A-E1A81309557F} = {475C4269-03E7-4A00-84EF-D61DC86CBFD3}
		{AE307E70-2320-40A8-A474-B89E2427A7D1} = {475C4269-03E7-4A00-84EF-D61DC86CBFD3}
	EndGlobalSection
	GlobalSection(ExtensibilityGlobals) = postSolution
		SolutionGuid = {354671DF-D2AD-4D40-B6DB-036B3159A2AA}
	EndGlobalSection
EndGlobal
